
Microsoft Visual Studio Solution File, Format Version 12.00
# Visual Studio Version 16
VisualStudioVersion = 16.0.30114.105
MinimumVisualStudioVersion = 10.0.40219.1
Project("{9A19103F-16F7-4668-BE54-9A1E7A4F7556}") = "0_Framework", "0_Framework\0_Framework.csproj", "{26421D51-F6A2-4BA4-8729-85E2405E6657}"
EndProject
Project("{9A19103F-16F7-4668-BE54-9A1E7A4F7556}") = "ShopManagement.Application.Contracts", "ShopManagment.Application.Contracts\ShopManagement.Application.Contracts.csproj", "{B83F48CC-FB68-4D88-AF1E-5140E79AAC06}"
EndProject
Project("{9A19103F-16F7-4668-BE54-9A1E7A4F7556}") = "ShopManagement.Domain", "ShopManagement.Domain\ShopManagement.Domain.csproj", "{BDD17B42-8FBB-4068-90BE-150B800FAD96}"
EndProject
Project("{9A19103F-16F7-4668-BE54-9A1E7A4F7556}") = "ShopManagement.Application", "ShopManagement.Application\ShopManagement.Application.csproj", "{7BBA487E-82AC-4A02-AF43-3D502CF1E28B}"
EndProject
Project("{2150E333-8FDC-42A3-9474-1A3956D46DE8}") = "ShopManagement", "ShopManagement", "{56424030-31A5-11EC-ADD0-15AFFB901A83}"
EndProject
Project("{2150E333-8FDC-42A3-9474-1A3956D46DE8}") = "SM.Application", "SM.Application", "{6683A0B0-31A5-11EC-ADD0-15AFFB901A83}"
EndProject
Project("{2150E333-8FDC-42A3-9474-1A3956D46DE8}") = "SM.Domain", "SM.Domain", "{6BE72CC0-31A5-11EC-ADD0-15AFFB901A83}"
EndProject
Project("{2150E333-8FDC-42A3-9474-1A3956D46DE8}") = "SM.Infrastructre", "SM.Infrastructre", "{C7091607-F1F3-42F5-9378-F63D15B8F360}"
EndProject
Project("{9A19103F-16F7-4668-BE54-9A1E7A4F7556}") = "ShopManagment.Infrastructure.EfCore", "ShopManagment.Infrastructure.EfCore\ShopManagment.Infrastructure.EfCore.csproj", "{1C240D92-7798-4EB7-ABB3-7F69504F647F}"
EndProject
Project("{9A19103F-16F7-4668-BE54-9A1E7A4F7556}") = "ShopManagement.Configuration", "ShopManagement.Configuration\ShopManagement.Configuration.csproj", "{6B140CF8-1D84-48B1-9D75-82A92C168E0C}"
EndProject
Project("{9A19103F-16F7-4668-BE54-9A1E7A4F7556}") = "ServiceHost", "ServiceHost\ServiceHost.csproj", "{AEC8C7C1-E311-4A74-B939-781F9FB3DE82}"
EndProject
Global
	GlobalSection(SolutionConfigurationPlatforms) = preSolution
		Debug|Any CPU = Debug|Any CPU
		Debug|x64 = Debug|x64
		Debug|x86 = Debug|x86
		Release|Any CPU = Release|Any CPU
		Release|x64 = Release|x64
		Release|x86 = Release|x86
	EndGlobalSection
	GlobalSection(ProjectConfigurationPlatforms) = postSolution
		{26421D51-F6A2-4BA4-8729-85E2405E6657}.Debug|Any CPU.ActiveCfg = Debug|Any CPU
		{26421D51-F6A2-4BA4-8729-85E2405E6657}.Debug|Any CPU.Build.0 = Debug|Any CPU
		{26421D51-F6A2-4BA4-8729-85E2405E6657}.Debug|x64.ActiveCfg = Debug|Any CPU
		{26421D51-F6A2-4BA4-8729-85E2405E6657}.Debug|x64.Build.0 = Debug|Any CPU
		{26421D51-F6A2-4BA4-8729-85E2405E6657}.Debug|x86.ActiveCfg = Debug|Any CPU
		{26421D51-F6A2-4BA4-8729-85E2405E6657}.Debug|x86.Build.0 = Debug|Any CPU
		{26421D51-F6A2-4BA4-8729-85E2405E6657}.Release|Any CPU.ActiveCfg = Release|Any CPU
		{26421D51-F6A2-4BA4-8729-85E2405E6657}.Release|Any CPU.Build.0 = Release|Any CPU
		{26421D51-F6A2-4BA4-8729-85E2405E6657}.Release|x64.ActiveCfg = Release|Any CPU
		{26421D51-F6A2-4BA4-8729-85E2405E6657}.Release|x64.Build.0 = Release|Any CPU
		{26421D51-F6A2-4BA4-8729-85E2405E6657}.Release|x86.ActiveCfg = Release|Any CPU
		{26421D51-F6A2-4BA4-8729-85E2405E6657}.Release|x86.Build.0 = Release|Any CPU
		{B83F48CC-FB68-4D88-AF1E-5140E79AAC06}.Debug|Any CPU.ActiveCfg = Debug|Any CPU
		{B83F48CC-FB68-4D88-AF1E-5140E79AAC06}.Debug|Any CPU.Build.0 = Debug|Any CPU
		{B83F48CC-FB68-4D88-AF1E-5140E79AAC06}.Debug|x64.ActiveCfg = Debug|Any CPU
		{B83F48CC-FB68-4D88-AF1E-5140E79AAC06}.Debug|x64.Build.0 = Debug|Any CPU
		{B83F48CC-FB68-4D88-AF1E-5140E79AAC06}.Debug|x86.ActiveCfg = Debug|Any CPU
		{B83F48CC-FB68-4D88-AF1E-5140E79AAC06}.Debug|x86.Build.0 = Debug|Any CPU
		{B83F48CC-FB68-4D88-AF1E-5140E79AAC06}.Release|Any CPU.ActiveCfg = Release|Any CPU
		{B83F48CC-FB68-4D88-AF1E-5140E79AAC06}.Release|Any CPU.Build.0 = Release|Any CPU
		{B83F48CC-FB68-4D88-AF1E-5140E79AAC06}.Release|x64.ActiveCfg = Release|Any CPU
		{B83F48CC-FB68-4D88-AF1E-5140E79AAC06}.Release|x64.Build.0 = Release|Any CPU
		{B83F48CC-FB68-4D88-AF1E-5140E79AAC06}.Release|x86.ActiveCfg = Release|Any CPU
		{B83F48CC-FB68-4D88-AF1E-5140E79AAC06}.Release|x86.Build.0 = Release|Any CPU
		{BDD17B42-8FBB-4068-90BE-150B800FAD96}.Debug|Any CPU.ActiveCfg = Debug|Any CPU
		{BDD17B42-8FBB-4068-90BE-150B800FAD96}.Debug|Any CPU.Build.0 = Debug|Any CPU
		{BDD17B42-8FBB-4068-90BE-150B800FAD96}.Debug|x64.ActiveCfg = Debug|Any CPU
		{BDD17B42-8FBB-4068-90BE-150B800FAD96}.Debug|x64.Build.0 = Debug|Any CPU
		{BDD17B42-8FBB-4068-90BE-150B800FAD96}.Debug|x86.ActiveCfg = Debug|Any CPU
		{BDD17B42-8FBB-4068-90BE-150B800FAD96}.Debug|x86.Build.0 = Debug|Any CPU
		{BDD17B42-8FBB-4068-90BE-150B800FAD96}.Release|Any CPU.ActiveCfg = Release|Any CPU
		{BDD17B42-8FBB-4068-90BE-150B800FAD96}.Release|Any CPU.Build.0 = Release|Any CPU
		{BDD17B42-8FBB-4068-90BE-150B800FAD96}.Release|x64.ActiveCfg = Release|Any CPU
		{BDD17B42-8FBB-4068-90BE-150B800FAD96}.Release|x64.Build.0 = Release|Any CPU
		{BDD17B42-8FBB-4068-90BE-150B800FAD96}.Release|x86.ActiveCfg = Release|Any CPU
		{BDD17B42-8FBB-4068-90BE-150B800FAD96}.Release|x86.Build.0 = Release|Any CPU
		{7BBA487E-82AC-4A02-AF43-3D502CF1E28B}.Debug|Any CPU.ActiveCfg = Debug|Any CPU
		{7BBA487E-82AC-4A02-AF43-3D502CF1E28B}.Debug|Any CPU.Build.0 = Debug|Any CPU
		{7BBA487E-82AC-4A02-AF43-3D502CF1E28B}.Debug|x64.ActiveCfg = Debug|Any CPU
		{7BBA487E-82AC-4A02-AF43-3D502CF1E28B}.Debug|x64.Build.0 = Debug|Any CPU
		{7BBA487E-82AC-4A02-AF43-3D502CF1E28B}.Debug|x86.ActiveCfg = Debug|Any CPU
		{7BBA487E-82AC-4A02-AF43-3D502CF1E28B}.Debug|x86.Build.0 = Debug|Any CPU
		{7BBA487E-82AC-4A02-AF43-3D502CF1E28B}.Release|Any CPU.ActiveCfg = Release|Any CPU
		{7BBA487E-82AC-4A02-AF43-3D502CF1E28B}.Release|Any CPU.Build.0 = Release|Any CPU
		{7BBA487E-82AC-4A02-AF43-3D502CF1E28B}.Release|x64.ActiveCfg = Release|Any CPU
		{7BBA487E-82AC-4A02-AF43-3D502CF1E28B}.Release|x64.Build.0 = Release|Any CPU
		{7BBA487E-82AC-4A02-AF43-3D502CF1E28B}.Release|x86.ActiveCfg = Release|Any CPU
		{7BBA487E-82AC-4A02-AF43-3D502CF1E28B}.Release|x86.Build.0 = Release|Any CPU
		{1C240D92-7798-4EB7-ABB3-7F69504F647F}.Debug|Any CPU.ActiveCfg = Debug|Any CPU
		{1C240D92-7798-4EB7-ABB3-7F69504F647F}.Debug|Any CPU.Build.0 = Debug|Any CPU
		{1C240D92-7798-4EB7-ABB3-7F69504F647F}.Debug|x64.ActiveCfg = Debug|Any CPU
		{1C240D92-7798-4EB7-ABB3-7F69504F647F}.Debug|x64.Build.0 = Debug|Any CPU
		{1C240D92-7798-4EB7-ABB3-7F69504F647F}.Debug|x86.ActiveCfg = Debug|Any CPU
		{1C240D92-7798-4EB7-ABB3-7F69504F647F}.Debug|x86.Build.0 = Debug|Any CPU
		{1C240D92-7798-4EB7-ABB3-7F69504F647F}.Release|Any CPU.ActiveCfg = Release|Any CPU
		{1C240D92-7798-4EB7-ABB3-7F69504F647F}.Release|Any CPU.Build.0 = Release|Any CPU
		{1C240D92-7798-4EB7-ABB3-7F69504F647F}.Release|x64.ActiveCfg = Release|Any CPU
		{1C240D92-7798-4EB7-ABB3-7F69504F647F}.Release|x64.Build.0 = Release|Any CPU
		{1C240D92-7798-4EB7-ABB3-7F69504F647F}.Release|x86.ActiveCfg = Release|Any CPU
		{1C240D92-7798-4EB7-ABB3-7F69504F647F}.Release|x86.Build.0 = Release|Any CPU
		{6B140CF8-1D84-48B1-9D75-82A92C168E0C}.Debug|Any CPU.ActiveCfg = Debug|Any CPU
		{6B140CF8-1D84-48B1-9D75-82A92C168E0C}.Debug|Any CPU.Build.0 = Debug|Any CPU
		{6B140CF8-1D84-48B1-9D75-82A92C168E0C}.Debug|x64.ActiveCfg = Debug|Any CPU
		{6B140CF8-1D84-48B1-9D75-82A92C168E0C}.Debug|x64.Build.0 = Debug|Any CPU
		{6B140CF8-1D84-48B1-9D75-82A92C168E0C}.Debug|x86.ActiveCfg = Debug|Any CPU
		{6B140CF8-1D84-48B1-9D75-82A92C168E0C}.Debug|x86.Build.0 = Debug|Any CPU
		{6B140CF8-1D84-48B1-9D75-82A92C168E0C}.Release|Any CPU.ActiveCfg = Release|Any CPU
		{6B140CF8-1D84-48B1-9D75-82A92C168E0C}.Release|Any CPU.Build.0 = Release|Any CPU
		{6B140CF8-1D84-48B1-9D75-82A92C168E0C}.Release|x64.ActiveCfg = Release|Any CPU
		{6B140CF8-1D84-48B1-9D75-82A92C168E0C}.Release|x64.Build.0 = Release|Any CPU
		{6B140CF8-1D84-48B1-9D75-82A92C168E0C}.Release|x86.ActiveCfg = Release|Any CPU
		{6B140CF8-1D84-48B1-9D75-82A92C168E0C}.Release|x86.Build.0 = Release|Any CPU
		{AEC8C7C1-E311-4A74-B939-781F9FB3DE82}.Debug|Any CPU.ActiveCfg = Debug|Any CPU
		{AEC8C7C1-E311-4A74-B939-781F9FB3DE82}.Debug|Any CPU.Build.0 = Debug|Any CPU
		{AEC8C7C1-E311-4A74-B939-781F9FB3DE82}.Debug|x64.ActiveCfg = Debug|Any CPU
		{AEC8C7C1-E311-4A74-B939-781F9FB3DE82}.Debug|x64.Build.0 = Debug|Any CPU
		{AEC8C7C1-E311-4A74-B939-781F9FB3DE82}.Debug|x86.ActiveCfg = Debug|Any CPU
		{AEC8C7C1-E311-4A74-B939-781F9FB3DE82}.Debug|x86.Build.0 = Debug|Any CPU
		{AEC8C7C1-E311-4A74-B939-781F9FB3DE82}.Release|Any CPU.ActiveCfg = Release|Any CPU
		{AEC8C7C1-E311-4A74-B939-781F9FB3DE82}.Release|Any CPU.Build.0 = Release|Any CPU
		{AEC8C7C1-E311-4A74-B939-781F9FB3DE82}.Release|x64.ActiveCfg = Release|Any CPU
		{AEC8C7C1-E311-4A74-B939-781F9FB3DE82}.Release|x64.Build.0 = Release|Any CPU
		{AEC8C7C1-E311-4A74-B939-781F9FB3DE82}.Release|x86.ActiveCfg = Release|Any CPU
		{AEC8C7C1-E311-4A74-B939-781F9FB3DE82}.Release|x86.Build.0 = Release|Any CPU
	EndGlobalSection
	GlobalSection(SolutionProperties) = preSolution
		HideSolutionNode = FALSE
	EndGlobalSection
	GlobalSection(NestedProjects) = preSolution
		{B83F48CC-FB68-4D88-AF1E-5140E79AAC06} = {6683A0B0-31A5-11EC-ADD0-15AFFB901A83}
		{BDD17B42-8FBB-4068-90BE-150B800FAD96} = {6BE72CC0-31A5-11EC-ADD0-15AFFB901A83}
		{7BBA487E-82AC-4A02-AF43-3D502CF1E28B} = {6683A0B0-31A5-11EC-ADD0-15AFFB901A83}
		{6683A0B0-31A5-11EC-ADD0-15AFFB901A83} = {56424030-31A5-11EC-ADD0-15AFFB901A83}
		{6BE72CC0-31A5-11EC-ADD0-15AFFB901A83} = {56424030-31A5-11EC-ADD0-15AFFB901A83}
		{C7091607-F1F3-42F5-9378-F63D15B8F360} = {56424030-31A5-11EC-ADD0-15AFFB901A83}
		{1C240D92-7798-4EB7-ABB3-7F69504F647F} = {C7091607-F1F3-42F5-9378-F63D15B8F360}
		{6B140CF8-1D84-48B1-9D75-82A92C168E0C} = {C7091607-F1F3-42F5-9378-F63D15B8F360}
	EndGlobalSection
	GlobalSection(ExtensibilityGlobals) = postSolution
		SolutionGuid = {40893BC7-378B-4346-B362-C324061F575B}
	EndGlobalSection
EndGlobal
